
Microsoft Visual Studio Solution File, Format Version 12.00
# Visual Studio Version 16
VisualStudioVersion = 16.0.30611.23
MinimumVisualStudioVersion = 10.0.40219.1
Project("{FAE04EC0-301F-11D3-BF4B-00C04F79EFBC}") = "Lucaci_Ioana_Lab2", "Lucaci_Ioana_Lab2.csproj", "{38106413-EB19-46F4-A03B-86E5F30A2688}"
EndProject
Global
	GlobalSection(SolutionConfigurationPlatforms) = preSolution
		Debug|Any CPU = Debug|Any CPU
		Release|Any CPU = Release|Any CPU
	EndGlobalSection
	GlobalSection(ProjectConfigurationPlatforms) = postSolution
		{38106413-EB19-46F4-A03B-86E5F30A2688}.Debug|Any CPU.ActiveCfg = Debug|Any CPU
		{38106413-EB19-46F4-A03B-86E5F30A2688}.Debug|Any CPU.Build.0 = Debug|Any CPU
		{38106413-EB19-46F4-A03B-86E5F30A2688}.Release|Any CPU.ActiveCfg = Release|Any CPU
		{38106413-EB19-46F4-A03B-86E5F30A2688}.Release|Any CPU.Build.0 = Release|Any CPU
	EndGlobalSection
	GlobalSection(SolutionProperties) = preSolution
		HideSolutionNode = FALSE
	EndGlobalSection
	GlobalSection(ExtensibilityGlobals) = postSolution
		SolutionGuid = {B1F0BCAC-7D17-4803-BFCA-4F6CDEEC3886}
	EndGlobalSection
EndGlobal
